// !$*UTF8*$!
{
	archiveVersion = 1;
	classes = {
	};
	objectVersion = 46;
	objects = {

/* Begin PBXBuildFile section */
		4C08A09F1E4B28150022A8B2 /* BaseViewController.swift in Sources */ = {isa = PBXBuildFile; fileRef = 4C08A09D1E4B28150022A8B2 /* BaseViewController.swift */; };
		4C08A0A01E4B28150022A8B2 /* MenuViewController.swift in Sources */ = {isa = PBXBuildFile; fileRef = 4C08A09E1E4B28150022A8B2 /* MenuViewController.swift */; };
		4C12C23D1E4F665200BAC0BD /* BenefitsViewController.swift in Sources */ = {isa = PBXBuildFile; fileRef = 4C12C23C1E4F665200BAC0BD /* BenefitsViewController.swift */; };
		4C12C2401E4F667B00BAC0BD /* BenefitsCelula.swift in Sources */ = {isa = PBXBuildFile; fileRef = 4C12C23F1E4F667B00BAC0BD /* BenefitsCelula.swift */; };
		4C12C2421E4F668800BAC0BD /* Benefit.swift in Sources */ = {isa = PBXBuildFile; fileRef = 4C12C2411E4F668800BAC0BD /* Benefit.swift */; };
		4C190DAE1E63BF360086066A /* GoogleService-Info.plist in Resources */ = {isa = PBXBuildFile; fileRef = 4C190DAD1E63BF360086066A /* GoogleService-Info.plist */; };
		4C190DB11E63C0410086066A /* UserNotifications.framework in Frameworks */ = {isa = PBXBuildFile; fileRef = 4C190DB01E63C0410086066A /* UserNotifications.framework */; };
		4C20D1341E5D2132004EB158 /* ManagementDetailViewController.swift in Sources */ = {isa = PBXBuildFile; fileRef = 4C20D1331E5D2132004EB158 /* ManagementDetailViewController.swift */; };
		4C223BEA1E513D3F00374EF2 /* Useful.swift in Sources */ = {isa = PBXBuildFile; fileRef = 4C223BE91E513D3F00374EF2 /* Useful.swift */; };
		4C347F781E568E6300D4E3FC /* UsefulDetailViewController.swift in Sources */ = {isa = PBXBuildFile; fileRef = 4C347F771E568E6300D4E3FC /* UsefulDetailViewController.swift */; };
		4C64DF761E567556003952B0 /* Email.swift in Sources */ = {isa = PBXBuildFile; fileRef = 4C64DF751E567556003952B0 /* Email.swift */; };
		4C7B797C1E50DB4C0027FD21 /* TransportsViewController.swift in Sources */ = {isa = PBXBuildFile; fileRef = 4C7B797B1E50DB4C0027FD21 /* TransportsViewController.swift */; };
		4C7B797E1E50DB5A0027FD21 /* Transport.swift in Sources */ = {isa = PBXBuildFile; fileRef = 4C7B797D1E50DB5A0027FD21 /* Transport.swift */; };
		4C7B79811E50DC670027FD21 /* UsefulViewController.swift in Sources */ = {isa = PBXBuildFile; fileRef = 4C7B79801E50DC670027FD21 /* UsefulViewController.swift */; };
		4C7B79841E50DD670027FD21 /* FeedingViewController.swift in Sources */ = {isa = PBXBuildFile; fileRef = 4C7B79831E50DD670027FD21 /* FeedingViewController.swift */; };
		4C7B79871E50DE070027FD21 /* CTypsViewController.swift in Sources */ = {isa = PBXBuildFile; fileRef = 4C7B79861E50DE070027FD21 /* CTypsViewController.swift */; };
		4C7B798A1E50DE870027FD21 /* ManagementsViewController.swift in Sources */ = {isa = PBXBuildFile; fileRef = 4C7B79891E50DE870027FD21 /* ManagementsViewController.swift */; };
		4C7B798D1E50DF2D0027FD21 /* AboutsViewController.swift in Sources */ = {isa = PBXBuildFile; fileRef = 4C7B798C1E50DF2D0027FD21 /* AboutsViewController.swift */; };
		4C7F66FF1E5670DA007A2024 /* Telephone.swift in Sources */ = {isa = PBXBuildFile; fileRef = 4C7F66FE1E5670DA007A2024 /* Telephone.swift */; };
		4C7F67011E5671F7007A2024 /* PUsefulViewController.swift in Sources */ = {isa = PBXBuildFile; fileRef = 4C7F67001E5671F7007A2024 /* PUsefulViewController.swift */; };
		4C89A6701E4D193A0007D9B5 /* LoadingViewController.swift in Sources */ = {isa = PBXBuildFile; fileRef = 4C89A66F1E4D193A0007D9B5 /* LoadingViewController.swift */; };
		4C89A6721E4D19610007D9B5 /* UrlProvider.swift in Sources */ = {isa = PBXBuildFile; fileRef = 4C89A6711E4D19610007D9B5 /* UrlProvider.swift */; };
		4C89A6741E4E3E3F0007D9B5 /* Building.swift in Sources */ = {isa = PBXBuildFile; fileRef = 4C89A6731E4E3E3F0007D9B5 /* Building.swift */; };
		4C89A6761E4E40EC0007D9B5 /* BuildingViewController.swift in Sources */ = {isa = PBXBuildFile; fileRef = 4C89A6751E4E40EC0007D9B5 /* BuildingViewController.swift */; };
		4C89A67B1E4E4B190007D9B5 /* BuildingCelula.swift in Sources */ = {isa = PBXBuildFile; fileRef = 4C89A67A1E4E4B190007D9B5 /* BuildingCelula.swift */; };
		4C89A67E1E4E50CF0007D9B5 /* BuildingDetailViewController.swift in Sources */ = {isa = PBXBuildFile; fileRef = 4C89A67D1E4E50CF0007D9B5 /* BuildingDetailViewController.swift */; };
		4CA9C6581E5B446500B92742 /* CalendarDetailViewController.swift in Sources */ = {isa = PBXBuildFile; fileRef = 4CA9C6571E5B446500B92742 /* CalendarDetailViewController.swift */; };
		4CA9C65A1E5B9E0600B92742 /* CType.swift in Sources */ = {isa = PBXBuildFile; fileRef = 4CA9C6591E5B9E0600B92742 /* CType.swift */; };
		4CA9C65C1E5BA89700B92742 /* TypsViewController.swift in Sources */ = {isa = PBXBuildFile; fileRef = 4CA9C65B1E5BA89700B92742 /* TypsViewController.swift */; };
		4CA9C65E1E5BA93600B92742 /* Type.swift in Sources */ = {isa = PBXBuildFile; fileRef = 4CA9C65D1E5BA93600B92742 /* Type.swift */; };
		4CA9C6601E5BCB4100B92742 /* TypsDetailViewController.swift in Sources */ = {isa = PBXBuildFile; fileRef = 4CA9C65F1E5BCB4100B92742 /* TypsDetailViewController.swift */; };
		4CA9C6621E5BD34000B92742 /* CManagement.swift in Sources */ = {isa = PBXBuildFile; fileRef = 4CA9C6611E5BD34000B92742 /* CManagement.swift */; };
		4CA9C6641E5BD3EA00B92742 /* CManagementsViewController.swift in Sources */ = {isa = PBXBuildFile; fileRef = 4CA9C6631E5BD3EA00B92742 /* CManagementsViewController.swift */; };
		4CA9C6661E5BD7BA00B92742 /* Management.swift in Sources */ = {isa = PBXBuildFile; fileRef = 4CA9C6651E5BD7BA00B92742 /* Management.swift */; };
		4CAA7FDB1E4E955A00C259FC /* CalendarsViewController.swift in Sources */ = {isa = PBXBuildFile; fileRef = 4CAA7FDA1E4E955A00C259FC /* CalendarsViewController.swift */; };
		4CAA7FDD1E4E957400C259FC /* Calendar.swift in Sources */ = {isa = PBXBuildFile; fileRef = 4CAA7FDC1E4E957400C259FC /* Calendar.swift */; };
		4CAA7FE01E4E99A600C259FC /* MonthCalendar.swift in Sources */ = {isa = PBXBuildFile; fileRef = 4CAA7FDF1E4E99A600C259FC /* MonthCalendar.swift */; };
		4CAA7FE21E4EA0D100C259FC /* MonthCalendarsViewController.swift in Sources */ = {isa = PBXBuildFile; fileRef = 4CAA7FE11E4EA0D100C259FC /* MonthCalendarsViewController.swift */; };
		4CAB67DF1E645BCD001E192C /* About.swift in Sources */ = {isa = PBXBuildFile; fileRef = 4CAB67DE1E645BCD001E192C /* About.swift */; };
		4CB5374E1E4B39B000E957B4 /* Connection.swift in Sources */ = {isa = PBXBuildFile; fileRef = 4CB5374D1E4B39B000E957B4 /* Connection.swift */; };
		4CC4D6D41E60D8E500BD8C86 /* KCFABManager.swift in Sources */ = {isa = PBXBuildFile; fileRef = 4CC4D6CD1E60D8E500BD8C86 /* KCFABManager.swift */; };
		4CC4D6D51E60D8E500BD8C86 /* KCFABViewController.swift in Sources */ = {isa = PBXBuildFile; fileRef = 4CC4D6CE1E60D8E500BD8C86 /* KCFABViewController.swift */; };
		4CC4D6D61E60D8E500BD8C86 /* KCFABWindow.swift in Sources */ = {isa = PBXBuildFile; fileRef = 4CC4D6CF1E60D8E500BD8C86 /* KCFABWindow.swift */; };
		4CC4D6D71E60D8E500BD8C86 /* KCFloatingActionButton.swift in Sources */ = {isa = PBXBuildFile; fileRef = 4CC4D6D01E60D8E500BD8C86 /* KCFloatingActionButton.swift */; };
		4CC4D6D81E60D8E500BD8C86 /* KCFloatingActionButtonDelegate.swift in Sources */ = {isa = PBXBuildFile; fileRef = 4CC4D6D11E60D8E500BD8C86 /* KCFloatingActionButtonDelegate.swift */; };
		4CC4D6D91E60D8E500BD8C86 /* KCFloatingActionButtonItem.swift in Sources */ = {isa = PBXBuildFile; fileRef = 4CC4D6D21E60D8E500BD8C86 /* KCFloatingActionButtonItem.swift */; };
		4CC4D6DB1E60E92100BD8C86 /* BuildingMapsViewController.swift in Sources */ = {isa = PBXBuildFile; fileRef = 4CC4D6DA1E60E92100BD8C86 /* BuildingMapsViewController.swift */; };
		4CC4D6DD1E61053900BD8C86 /* CoreLocation.framework in Frameworks */ = {isa = PBXBuildFile; fileRef = 4CC4D6DC1E61053900BD8C86 /* CoreLocation.framework */; };
		4CC85F101E51D8EC00DA0CF3 /* BenefitsDetailsViewController.swift in Sources */ = {isa = PBXBuildFile; fileRef = 4CC85F0F1E51D8EC00DA0CF3 /* BenefitsDetailsViewController.swift */; };
		4CE38B851E61D566009C2ECE /* Shift.swift in Sources */ = {isa = PBXBuildFile; fileRef = 4CE38B841E61D566009C2ECE /* Shift.swift */; };
		4CE38B871E61DEE1009C2ECE /* Schedule.swift in Sources */ = {isa = PBXBuildFile; fileRef = 4CE38B861E61DEE1009C2ECE /* Schedule.swift */; };
		4CE38B891E61DFA3009C2ECE /* Place.swift in Sources */ = {isa = PBXBuildFile; fileRef = 4CE38B881E61DFA3009C2ECE /* Place.swift */; };
		4CEBDE141E4B226A005E3ADC /* AppDelegate.swift in Sources */ = {isa = PBXBuildFile; fileRef = 4CEBDE131E4B226A005E3ADC /* AppDelegate.swift */; };
		4CEBDE161E4B226A005E3ADC /* HomeViewController.swift in Sources */ = {isa = PBXBuildFile; fileRef = 4CEBDE151E4B226A005E3ADC /* HomeViewController.swift */; };
		4CEBDE191E4B226A005E3ADC /* Main.storyboard in Resources */ = {isa = PBXBuildFile; fileRef = 4CEBDE171E4B226A005E3ADC /* Main.storyboard */; };
		4CEBDE1C1E4B226A005E3ADC /* Guia_do_Calouro.xcdatamodeld in Sources */ = {isa = PBXBuildFile; fileRef = 4CEBDE1A1E4B226A005E3ADC /* Guia_do_Calouro.xcdatamodeld */; };
		4CEBDE1E1E4B226A005E3ADC /* Assets.xcassets in Resources */ = {isa = PBXBuildFile; fileRef = 4CEBDE1D1E4B226A005E3ADC /* Assets.xcassets */; };
		4CEBDE211E4B226A005E3ADC /* LaunchScreen.storyboard in Resources */ = {isa = PBXBuildFile; fileRef = 4CEBDE1F1E4B226A005E3ADC /* LaunchScreen.storyboard */; };
		96B229E941B2BD8B80D77F60 /* Pods_Guia_do_Calouro.framework in Frameworks */ = {isa = PBXBuildFile; fileRef = B5C9D2DDFF22D7D5DAF5C355 /* Pods_Guia_do_Calouro.framework */; };
/* End PBXBuildFile section */

/* Begin PBXFileReference section */
		084F314292C7D77FC2FEBCCC /* Pods-Guia do Calouro.debug.xcconfig */ = {isa = PBXFileReference; includeInIndex = 1; lastKnownFileType = text.xcconfig; name = "Pods-Guia do Calouro.debug.xcconfig"; path = "Pods/Target Support Files/Pods-Guia do Calouro/Pods-Guia do Calouro.debug.xcconfig"; sourceTree = "<group>"; };
		12B936D2247FC6D15261B6D9 /* Pods-Guia do Calouro.release.xcconfig */ = {isa = PBXFileReference; includeInIndex = 1; lastKnownFileType = text.xcconfig; name = "Pods-Guia do Calouro.release.xcconfig"; path = "Pods/Target Support Files/Pods-Guia do Calouro/Pods-Guia do Calouro.release.xcconfig"; sourceTree = "<group>"; };
		4C08A09D1E4B28150022A8B2 /* BaseViewController.swift */ = {isa = PBXFileReference; fileEncoding = 4; lastKnownFileType = sourcecode.swift; path = BaseViewController.swift; sourceTree = "<group>"; };
		4C08A09E1E4B28150022A8B2 /* MenuViewController.swift */ = {isa = PBXFileReference; fileEncoding = 4; lastKnownFileType = sourcecode.swift; path = MenuViewController.swift; sourceTree = "<group>"; };
		4C12C23C1E4F665200BAC0BD /* BenefitsViewController.swift */ = {isa = PBXFileReference; fileEncoding = 4; lastKnownFileType = sourcecode.swift; path = BenefitsViewController.swift; sourceTree = "<group>"; };
		4C12C23F1E4F667B00BAC0BD /* BenefitsCelula.swift */ = {isa = PBXFileReference; fileEncoding = 4; lastKnownFileType = sourcecode.swift; path = BenefitsCelula.swift; sourceTree = "<group>"; };
		4C12C2411E4F668800BAC0BD /* Benefit.swift */ = {isa = PBXFileReference; fileEncoding = 4; lastKnownFileType = sourcecode.swift; path = Benefit.swift; sourceTree = "<group>"; };
		4C190DAD1E63BF360086066A /* GoogleService-Info.plist */ = {isa = PBXFileReference; fileEncoding = 4; lastKnownFileType = text.plist.xml; path = "GoogleService-Info.plist"; sourceTree = "<group>"; };
		4C190DAF1E63BFA30086066A /* Guia do Calouro.entitlements */ = {isa = PBXFileReference; lastKnownFileType = text.plist.entitlements; path = "Guia do Calouro.entitlements"; sourceTree = "<group>"; };
		4C190DB01E63C0410086066A /* UserNotifications.framework */ = {isa = PBXFileReference; lastKnownFileType = wrapper.framework; name = UserNotifications.framework; path = System/Library/Frameworks/UserNotifications.framework; sourceTree = SDKROOT; };
		4C20D1331E5D2132004EB158 /* ManagementDetailViewController.swift */ = {isa = PBXFileReference; fileEncoding = 4; lastKnownFileType = sourcecode.swift; path = ManagementDetailViewController.swift; sourceTree = "<group>"; };
		4C223BE91E513D3F00374EF2 /* Useful.swift */ = {isa = PBXFileReference; fileEncoding = 4; lastKnownFileType = sourcecode.swift; path = Useful.swift; sourceTree = "<group>"; };
		4C347F771E568E6300D4E3FC /* UsefulDetailViewController.swift */ = {isa = PBXFileReference; fileEncoding = 4; lastKnownFileType = sourcecode.swift; path = UsefulDetailViewController.swift; sourceTree = "<group>"; };
		4C64DF751E567556003952B0 /* Email.swift */ = {isa = PBXFileReference; fileEncoding = 4; lastKnownFileType = sourcecode.swift; path = Email.swift; sourceTree = "<group>"; };
		4C7B79771E50D2420027FD21 /* AlamofireImage.framework */ = {isa = PBXFileReference; lastKnownFileType = wrapper.framework; name = AlamofireImage.framework; path = "../../../../Library/Developer/Xcode/DerivedData/Guia_do_Calouro-gedkysvfysjhdnbcizmmqpsdbscn/Build/Products/Debug-iphonesimulator/AlamofireImage/AlamofireImage.framework"; sourceTree = "<group>"; };
		4C7B79791E50D2610027FD21 /* Alamofire.framework */ = {isa = PBXFileReference; lastKnownFileType = wrapper.framework; name = Alamofire.framework; path = "../../../../Library/Developer/Xcode/DerivedData/Guia_do_Calouro-gedkysvfysjhdnbcizmmqpsdbscn/Build/Products/Debug-iphonesimulator/Alamofire/Alamofire.framework"; sourceTree = "<group>"; };
		4C7B797B1E50DB4C0027FD21 /* TransportsViewController.swift */ = {isa = PBXFileReference; fileEncoding = 4; lastKnownFileType = sourcecode.swift; path = TransportsViewController.swift; sourceTree = "<group>"; };
		4C7B797D1E50DB5A0027FD21 /* Transport.swift */ = {isa = PBXFileReference; fileEncoding = 4; lastKnownFileType = sourcecode.swift; path = Transport.swift; sourceTree = "<group>"; };
		4C7B79801E50DC670027FD21 /* UsefulViewController.swift */ = {isa = PBXFileReference; fileEncoding = 4; lastKnownFileType = sourcecode.swift; path = UsefulViewController.swift; sourceTree = "<group>"; };
		4C7B79831E50DD670027FD21 /* FeedingViewController.swift */ = {isa = PBXFileReference; fileEncoding = 4; lastKnownFileType = sourcecode.swift; path = FeedingViewController.swift; sourceTree = "<group>"; };
		4C7B79861E50DE070027FD21 /* CTypsViewController.swift */ = {isa = PBXFileReference; fileEncoding = 4; lastKnownFileType = sourcecode.swift; path = CTypsViewController.swift; sourceTree = "<group>"; };
		4C7B79891E50DE870027FD21 /* ManagementsViewController.swift */ = {isa = PBXFileReference; fileEncoding = 4; lastKnownFileType = sourcecode.swift; path = ManagementsViewController.swift; sourceTree = "<group>"; };
		4C7B798C1E50DF2D0027FD21 /* AboutsViewController.swift */ = {isa = PBXFileReference; fileEncoding = 4; lastKnownFileType = sourcecode.swift; path = AboutsViewController.swift; sourceTree = "<group>"; };
		4C7F66FE1E5670DA007A2024 /* Telephone.swift */ = {isa = PBXFileReference; fileEncoding = 4; lastKnownFileType = sourcecode.swift; path = Telephone.swift; sourceTree = "<group>"; };
		4C7F67001E5671F7007A2024 /* PUsefulViewController.swift */ = {isa = PBXFileReference; fileEncoding = 4; lastKnownFileType = sourcecode.swift; path = PUsefulViewController.swift; sourceTree = "<group>"; };
		4C89A66F1E4D193A0007D9B5 /* LoadingViewController.swift */ = {isa = PBXFileReference; fileEncoding = 4; lastKnownFileType = sourcecode.swift; path = LoadingViewController.swift; sourceTree = "<group>"; };
		4C89A6711E4D19610007D9B5 /* UrlProvider.swift */ = {isa = PBXFileReference; fileEncoding = 4; lastKnownFileType = sourcecode.swift; path = UrlProvider.swift; sourceTree = "<group>"; };
		4C89A6731E4E3E3F0007D9B5 /* Building.swift */ = {isa = PBXFileReference; fileEncoding = 4; lastKnownFileType = sourcecode.swift; path = Building.swift; sourceTree = "<group>"; };
		4C89A6751E4E40EC0007D9B5 /* BuildingViewController.swift */ = {isa = PBXFileReference; fileEncoding = 4; lastKnownFileType = sourcecode.swift; path = BuildingViewController.swift; sourceTree = "<group>"; };
		4C89A67A1E4E4B190007D9B5 /* BuildingCelula.swift */ = {isa = PBXFileReference; fileEncoding = 4; lastKnownFileType = sourcecode.swift; path = BuildingCelula.swift; sourceTree = "<group>"; };
		4C89A67D1E4E50CF0007D9B5 /* BuildingDetailViewController.swift */ = {isa = PBXFileReference; fileEncoding = 4; lastKnownFileType = sourcecode.swift; path = BuildingDetailViewController.swift; sourceTree = "<group>"; };
		4CA9C6571E5B446500B92742 /* CalendarDetailViewController.swift */ = {isa = PBXFileReference; fileEncoding = 4; lastKnownFileType = sourcecode.swift; path = CalendarDetailViewController.swift; sourceTree = "<group>"; };
		4CA9C6591E5B9E0600B92742 /* CType.swift */ = {isa = PBXFileReference; fileEncoding = 4; lastKnownFileType = sourcecode.swift; path = CType.swift; sourceTree = "<group>"; };
		4CA9C65B1E5BA89700B92742 /* TypsViewController.swift */ = {isa = PBXFileReference; fileEncoding = 4; lastKnownFileType = sourcecode.swift; path = TypsViewController.swift; sourceTree = "<group>"; };
		4CA9C65D1E5BA93600B92742 /* Type.swift */ = {isa = PBXFileReference; fileEncoding = 4; lastKnownFileType = sourcecode.swift; path = Type.swift; sourceTree = "<group>"; };
		4CA9C65F1E5BCB4100B92742 /* TypsDetailViewController.swift */ = {isa = PBXFileReference; fileEncoding = 4; lastKnownFileType = sourcecode.swift; path = TypsDetailViewController.swift; sourceTree = "<group>"; };
		4CA9C6611E5BD34000B92742 /* CManagement.swift */ = {isa = PBXFileReference; fileEncoding = 4; lastKnownFileType = sourcecode.swift; path = CManagement.swift; sourceTree = "<group>"; };
		4CA9C6631E5BD3EA00B92742 /* CManagementsViewController.swift */ = {isa = PBXFileReference; fileEncoding = 4; lastKnownFileType = sourcecode.swift; path = CManagementsViewController.swift; sourceTree = "<group>"; };
		4CA9C6651E5BD7BA00B92742 /* Management.swift */ = {isa = PBXFileReference; fileEncoding = 4; lastKnownFileType = sourcecode.swift; path = Management.swift; sourceTree = "<group>"; };
		4CAA7FDA1E4E955A00C259FC /* CalendarsViewController.swift */ = {isa = PBXFileReference; fileEncoding = 4; lastKnownFileType = sourcecode.swift; path = CalendarsViewController.swift; sourceTree = "<group>"; };
		4CAA7FDC1E4E957400C259FC /* Calendar.swift */ = {isa = PBXFileReference; fileEncoding = 4; lastKnownFileType = sourcecode.swift; path = Calendar.swift; sourceTree = "<group>"; };
		4CAA7FDF1E4E99A600C259FC /* MonthCalendar.swift */ = {isa = PBXFileReference; fileEncoding = 4; lastKnownFileType = sourcecode.swift; path = MonthCalendar.swift; sourceTree = "<group>"; };
		4CAA7FE11E4EA0D100C259FC /* MonthCalendarsViewController.swift */ = {isa = PBXFileReference; fileEncoding = 4; lastKnownFileType = sourcecode.swift; path = MonthCalendarsViewController.swift; sourceTree = "<group>"; };
		4CAB67DE1E645BCD001E192C /* About.swift */ = {isa = PBXFileReference; fileEncoding = 4; lastKnownFileType = sourcecode.swift; path = About.swift; sourceTree = "<group>"; };
		4CB5374D1E4B39B000E957B4 /* Connection.swift */ = {isa = PBXFileReference; fileEncoding = 4; lastKnownFileType = sourcecode.swift; path = Connection.swift; sourceTree = "<group>"; };
		4CC4D6CD1E60D8E500BD8C86 /* KCFABManager.swift */ = {isa = PBXFileReference; fileEncoding = 4; lastKnownFileType = sourcecode.swift; name = KCFABManager.swift; path = ../../Sources/KCFABManager.swift; sourceTree = "<group>"; };
		4CC4D6CE1E60D8E500BD8C86 /* KCFABViewController.swift */ = {isa = PBXFileReference; fileEncoding = 4; lastKnownFileType = sourcecode.swift; name = KCFABViewController.swift; path = ../../Sources/KCFABViewController.swift; sourceTree = "<group>"; };
		4CC4D6CF1E60D8E500BD8C86 /* KCFABWindow.swift */ = {isa = PBXFileReference; fileEncoding = 4; lastKnownFileType = sourcecode.swift; name = KCFABWindow.swift; path = ../../Sources/KCFABWindow.swift; sourceTree = "<group>"; };
		4CC4D6D01E60D8E500BD8C86 /* KCFloatingActionButton.swift */ = {isa = PBXFileReference; fileEncoding = 4; lastKnownFileType = sourcecode.swift; name = KCFloatingActionButton.swift; path = ../../Sources/KCFloatingActionButton.swift; sourceTree = "<group>"; };
		4CC4D6D11E60D8E500BD8C86 /* KCFloatingActionButtonDelegate.swift */ = {isa = PBXFileReference; fileEncoding = 4; lastKnownFileType = sourcecode.swift; name = KCFloatingActionButtonDelegate.swift; path = ../../Sources/KCFloatingActionButtonDelegate.swift; sourceTree = "<group>"; };
		4CC4D6D21E60D8E500BD8C86 /* KCFloatingActionButtonItem.swift */ = {isa = PBXFileReference; fileEncoding = 4; lastKnownFileType = sourcecode.swift; name = KCFloatingActionButtonItem.swift; path = ../../Sources/KCFloatingActionButtonItem.swift; sourceTree = "<group>"; };
		4CC4D6DA1E60E92100BD8C86 /* BuildingMapsViewController.swift */ = {isa = PBXFileReference; fileEncoding = 4; lastKnownFileType = sourcecode.swift; path = BuildingMapsViewController.swift; sourceTree = "<group>"; };
		4CC4D6DC1E61053900BD8C86 /* CoreLocation.framework */ = {isa = PBXFileReference; lastKnownFileType = wrapper.framework; name = CoreLocation.framework; path = System/Library/Frameworks/CoreLocation.framework; sourceTree = SDKROOT; };
		4CC85F0F1E51D8EC00DA0CF3 /* BenefitsDetailsViewController.swift */ = {isa = PBXFileReference; fileEncoding = 4; lastKnownFileType = sourcecode.swift; path = BenefitsDetailsViewController.swift; sourceTree = "<group>"; };
		4CE38B841E61D566009C2ECE /* Shift.swift */ = {isa = PBXFileReference; fileEncoding = 4; lastKnownFileType = sourcecode.swift; path = Shift.swift; sourceTree = "<group>"; };
		4CE38B861E61DEE1009C2ECE /* Schedule.swift */ = {isa = PBXFileReference; fileEncoding = 4; lastKnownFileType = sourcecode.swift; path = Schedule.swift; sourceTree = "<group>"; };
		4CE38B881E61DFA3009C2ECE /* Place.swift */ = {isa = PBXFileReference; fileEncoding = 4; lastKnownFileType = sourcecode.swift; path = Place.swift; sourceTree = "<group>"; };
		4CEBDE101E4B226A005E3ADC /* Guia do Calouro.app */ = {isa = PBXFileReference; explicitFileType = wrapper.application; includeInIndex = 0; path = "Guia do Calouro.app"; sourceTree = BUILT_PRODUCTS_DIR; };
		4CEBDE131E4B226A005E3ADC /* AppDelegate.swift */ = {isa = PBXFileReference; lastKnownFileType = sourcecode.swift; path = AppDelegate.swift; sourceTree = "<group>"; };
		4CEBDE151E4B226A005E3ADC /* HomeViewController.swift */ = {isa = PBXFileReference; lastKnownFileType = sourcecode.swift; path = HomeViewController.swift; sourceTree = "<group>"; };
		4CEBDE181E4B226A005E3ADC /* Base */ = {isa = PBXFileReference; lastKnownFileType = file.storyboard; name = Base; path = Base.lproj/Main.storyboard; sourceTree = "<group>"; };
		4CEBDE1B1E4B226A005E3ADC /* Guia_do_Calouro.xcdatamodel */ = {isa = PBXFileReference; lastKnownFileType = wrapper.xcdatamodel; path = Guia_do_Calouro.xcdatamodel; sourceTree = "<group>"; };
		4CEBDE1D1E4B226A005E3ADC /* Assets.xcassets */ = {isa = PBXFileReference; lastKnownFileType = folder.assetcatalog; path = Assets.xcassets; sourceTree = "<group>"; };
		4CEBDE201E4B226A005E3ADC /* Base */ = {isa = PBXFileReference; lastKnownFileType = file.storyboard; name = Base; path = Base.lproj/LaunchScreen.storyboard; sourceTree = "<group>"; };
		4CEBDE221E4B226A005E3ADC /* Info.plist */ = {isa = PBXFileReference; lastKnownFileType = text.plist.xml; path = Info.plist; sourceTree = "<group>"; };
		B5C9D2DDFF22D7D5DAF5C355 /* Pods_Guia_do_Calouro.framework */ = {isa = PBXFileReference; explicitFileType = wrapper.framework; includeInIndex = 0; path = Pods_Guia_do_Calouro.framework; sourceTree = BUILT_PRODUCTS_DIR; };
/* End PBXFileReference section */

/* Begin PBXFrameworksBuildPhase section */
		4CEBDE0D1E4B2269005E3ADC /* Frameworks */ = {
			isa = PBXFrameworksBuildPhase;
			buildActionMask = 2147483647;
			files = (
				4C190DB11E63C0410086066A /* UserNotifications.framework in Frameworks */,
				4CC4D6DD1E61053900BD8C86 /* CoreLocation.framework in Frameworks */,
				96B229E941B2BD8B80D77F60 /* Pods_Guia_do_Calouro.framework in Frameworks */,
			);
			runOnlyForDeploymentPostprocessing = 0;
		};
/* End PBXFrameworksBuildPhase section */

/* Begin PBXGroup section */
		27D034618BD8632A2B7101DD /* Frameworks */ = {
			isa = PBXGroup;
			children = (
				4C190DB01E63C0410086066A /* UserNotifications.framework */,
				4CC4D6DC1E61053900BD8C86 /* CoreLocation.framework */,
				4C7B79791E50D2610027FD21 /* Alamofire.framework */,
				4C7B79771E50D2420027FD21 /* AlamofireImage.framework */,
				B5C9D2DDFF22D7D5DAF5C355 /* Pods_Guia_do_Calouro.framework */,
			);
			name = Frameworks;
			sourceTree = "<group>";
		};
		4C08A0A11E4B281A0022A8B2 /* Model */ = {
			isa = PBXGroup;
			children = (
				4C89A6731E4E3E3F0007D9B5 /* Building.swift */,
				4CAA7FDC1E4E957400C259FC /* Calendar.swift */,
				4CAA7FDF1E4E99A600C259FC /* MonthCalendar.swift */,
				4C12C2411E4F668800BAC0BD /* Benefit.swift */,
				4C7B797D1E50DB5A0027FD21 /* Transport.swift */,
				4C223BE91E513D3F00374EF2 /* Useful.swift */,
				4C7F66FE1E5670DA007A2024 /* Telephone.swift */,
				4C64DF751E567556003952B0 /* Email.swift */,
				4CA9C6591E5B9E0600B92742 /* CType.swift */,
				4CA9C65D1E5BA93600B92742 /* Type.swift */,
				4CA9C6611E5BD34000B92742 /* CManagement.swift */,
				4CA9C6651E5BD7BA00B92742 /* Management.swift */,
				4CE38B841E61D566009C2ECE /* Shift.swift */,
				4CE38B861E61DEE1009C2ECE /* Schedule.swift */,
				4CE38B881E61DFA3009C2ECE /* Place.swift */,
				4CAB67DE1E645BCD001E192C /* About.swift */,
			);
			name = Model;
			sourceTree = "<group>";
		};
		4C08A0A21E4B28220022A8B2 /* View */ = {
			isa = PBXGroup;
			children = (
				4C89A67A1E4E4B190007D9B5 /* BuildingCelula.swift */,
				4C12C23F1E4F667B00BAC0BD /* BenefitsCelula.swift */,
			);
			name = View;
			sourceTree = "<group>";
		};
		4C08A0A31E4B28280022A8B2 /* Controller */ = {
			isa = PBXGroup;
			children = (
				4C89A6771E4E40F20007D9B5 /* SideMenu */,
				4C7B798F1E50DF860027FD21 /* Home */,
				4C89A67C1E4E509C0007D9B5 /* Building */,
				4CAA7FDE1E4E977000C259FC /* Calendars */,
				4C12C23E1E4F665700BAC0BD /* Benefits */,
				4C7B797F1E50DB760027FD21 /* Transports */,
				4C7B79821E50DC6A0027FD21 /* Useful */,
				4C7B79851E50DD9A0027FD21 /* Feedings */,
				4C7B79881E50DE0C0027FD21 /* Typs */,
				4C7B798B1E50DE910027FD21 /* Managements */,
				4C7B798E1E50DF320027FD21 /* Abouts */,
			);
			name = Controller;
			sourceTree = "<group>";
		};
		4C08A0A41E4B28360022A8B2 /* Providers */ = {
			isa = PBXGroup;
			children = (
				4CB5374D1E4B39B000E957B4 /* Connection.swift */,
				4C89A6711E4D19610007D9B5 /* UrlProvider.swift */,
			);
			name = Providers;
			sourceTree = "<group>";
		};
		4C12C23E1E4F665700BAC0BD /* Benefits */ = {
			isa = PBXGroup;
			children = (
				4C12C23C1E4F665200BAC0BD /* BenefitsViewController.swift */,
				4CC85F0F1E51D8EC00DA0CF3 /* BenefitsDetailsViewController.swift */,
			);
			name = Benefits;
			sourceTree = "<group>";
		};
		4C7B797F1E50DB760027FD21 /* Transports */ = {
			isa = PBXGroup;
			children = (
				4C7B797B1E50DB4C0027FD21 /* TransportsViewController.swift */,
			);
			name = Transports;
			sourceTree = "<group>";
		};
		4C7B79821E50DC6A0027FD21 /* Useful */ = {
			isa = PBXGroup;
			children = (
				4C7B79801E50DC670027FD21 /* UsefulViewController.swift */,
				4C7F67001E5671F7007A2024 /* PUsefulViewController.swift */,
				4C347F771E568E6300D4E3FC /* UsefulDetailViewController.swift */,
			);
			name = Useful;
			sourceTree = "<group>";
		};
		4C7B79851E50DD9A0027FD21 /* Feedings */ = {
			isa = PBXGroup;
			children = (
				4C7B79831E50DD670027FD21 /* FeedingViewController.swift */,
			);
			name = Feedings;
			sourceTree = "<group>";
		};
		4C7B79881E50DE0C0027FD21 /* Typs */ = {
			isa = PBXGroup;
			children = (
				4C7B79861E50DE070027FD21 /* CTypsViewController.swift */,
				4CA9C65B1E5BA89700B92742 /* TypsViewController.swift */,
				4CA9C65F1E5BCB4100B92742 /* TypsDetailViewController.swift */,
			);
			name = Typs;
			sourceTree = "<group>";
		};
		4C7B798B1E50DE910027FD21 /* Managements */ = {
			isa = PBXGroup;
			children = (
				4C7B79891E50DE870027FD21 /* ManagementsViewController.swift */,
				4CA9C6631E5BD3EA00B92742 /* CManagementsViewController.swift */,
				4C20D1331E5D2132004EB158 /* ManagementDetailViewController.swift */,
			);
			name = Managements;
			sourceTree = "<group>";
		};
		4C7B798E1E50DF320027FD21 /* Abouts */ = {
			isa = PBXGroup;
			children = (
				4C7B798C1E50DF2D0027FD21 /* AboutsViewController.swift */,
			);
			name = Abouts;
			sourceTree = "<group>";
		};
		4C7B798F1E50DF860027FD21 /* Home */ = {
			isa = PBXGroup;
			children = (
				4CEBDE151E4B226A005E3ADC /* HomeViewController.swift */,
				4C89A66F1E4D193A0007D9B5 /* LoadingViewController.swift */,
			);
			name = Home;
			sourceTree = "<group>";
		};
		4C89A6771E4E40F20007D9B5 /* SideMenu */ = {
			isa = PBXGroup;
			children = (
				4C08A09D1E4B28150022A8B2 /* BaseViewController.swift */,
				4C08A09E1E4B28150022A8B2 /* MenuViewController.swift */,
			);
			name = SideMenu;
			sourceTree = "<group>";
		};
		4C89A67C1E4E509C0007D9B5 /* Building */ = {
			isa = PBXGroup;
			children = (
				4C89A6751E4E40EC0007D9B5 /* BuildingViewController.swift */,
				4C89A67D1E4E50CF0007D9B5 /* BuildingDetailViewController.swift */,
				4CC4D6DA1E60E92100BD8C86 /* BuildingMapsViewController.swift */,
			);
			name = Building;
			sourceTree = "<group>";
		};
		4CAA7FDE1E4E977000C259FC /* Calendars */ = {
			isa = PBXGroup;
			children = (
				4CAA7FDA1E4E955A00C259FC /* CalendarsViewController.swift */,
				4CAA7FE11E4EA0D100C259FC /* MonthCalendarsViewController.swift */,
				4CA9C6571E5B446500B92742 /* CalendarDetailViewController.swift */,
			);
			name = Calendars;
			sourceTree = "<group>";
		};
		4CC4D6D31E60D8E500BD8C86 /* KCFloatingActionButton */ = {
			isa = PBXGroup;
			children = (
				4CC4D6CD1E60D8E500BD8C86 /* KCFABManager.swift */,
				4CC4D6CE1E60D8E500BD8C86 /* KCFABViewController.swift */,
				4CC4D6CF1E60D8E500BD8C86 /* KCFABWindow.swift */,
				4CC4D6D01E60D8E500BD8C86 /* KCFloatingActionButton.swift */,
				4CC4D6D11E60D8E500BD8C86 /* KCFloatingActionButtonDelegate.swift */,
				4CC4D6D21E60D8E500BD8C86 /* KCFloatingActionButtonItem.swift */,
			);
			name = KCFloatingActionButton;
			path = "../../../../../Downloads/KCFloatingActionButton-master/Sample/KCFloatingActionButton";
			sourceTree = "<group>";
		};
		4CEBDE071E4B2269005E3ADC = {
			isa = PBXGroup;
			children = (
				4CEBDE121E4B226A005E3ADC /* Guia do Calouro */,
				4CEBDE111E4B226A005E3ADC /* Products */,
				897C08C3B2B342CEE16721E1 /* Pods */,
				27D034618BD8632A2B7101DD /* Frameworks */,
			);
			sourceTree = "<group>";
		};
		4CEBDE111E4B226A005E3ADC /* Products */ = {
			isa = PBXGroup;
			children = (
				4CEBDE101E4B226A005E3ADC /* Guia do Calouro.app */,
			);
			name = Products;
			sourceTree = "<group>";
		};
		4CEBDE121E4B226A005E3ADC /* Guia do Calouro */ = {
			isa = PBXGroup;
			children = (
				4C190DAF1E63BFA30086066A /* Guia do Calouro.entitlements */,
				4C08A0A41E4B28360022A8B2 /* Providers */,
				4C08A0A31E4B28280022A8B2 /* Controller */,
				4C08A0A21E4B28220022A8B2 /* View */,
				4C08A0A11E4B281A0022A8B2 /* Model */,
				4CEBDE131E4B226A005E3ADC /* AppDelegate.swift */,
				4CC4D6D31E60D8E500BD8C86 /* KCFloatingActionButton */,
				4CEBDE171E4B226A005E3ADC /* Main.storyboard */,
				4CEBDE1D1E4B226A005E3ADC /* Assets.xcassets */,
				4CEBDE1F1E4B226A005E3ADC /* LaunchScreen.storyboard */,
				4CEBDE221E4B226A005E3ADC /* Info.plist */,
				4C190DAD1E63BF360086066A /* GoogleService-Info.plist */,
				4CEBDE1A1E4B226A005E3ADC /* Guia_do_Calouro.xcdatamodeld */,
			);
			path = "Guia do Calouro";
			sourceTree = "<group>";
		};
		897C08C3B2B342CEE16721E1 /* Pods */ = {
			isa = PBXGroup;
			children = (
				084F314292C7D77FC2FEBCCC /* Pods-Guia do Calouro.debug.xcconfig */,
				12B936D2247FC6D15261B6D9 /* Pods-Guia do Calouro.release.xcconfig */,
			);
			name = Pods;
			sourceTree = "<group>";
		};
/* End PBXGroup section */

/* Begin PBXNativeTarget section */
		4CEBDE0F1E4B2269005E3ADC /* Guia do Calouro */ = {
			isa = PBXNativeTarget;
			buildConfigurationList = 4CEBDE251E4B226A005E3ADC /* Build configuration list for PBXNativeTarget "Guia do Calouro" */;
			buildPhases = (
				0C51B8B5B115BE210189A4B0 /* [CP] Check Pods Manifest.lock */,
				4CEBDE0C1E4B2269005E3ADC /* Sources */,
				4CEBDE0D1E4B2269005E3ADC /* Frameworks */,
				4CEBDE0E1E4B2269005E3ADC /* Resources */,
				036FE72F63FB77AD3387C03E /* [CP] Embed Pods Frameworks */,
				2720CDA4E88AE07393C6E517 /* [CP] Copy Pods Resources */,
			);
			buildRules = (
			);
			dependencies = (
			);
			name = "Guia do Calouro";
			productName = "Guia do Calouro";
			productReference = 4CEBDE101E4B226A005E3ADC /* Guia do Calouro.app */;
			productType = "com.apple.product-type.application";
		};
/* End PBXNativeTarget section */

/* Begin PBXProject section */
		4CEBDE081E4B2269005E3ADC /* Project object */ = {
			isa = PBXProject;
			attributes = {
				LastSwiftUpdateCheck = 0820;
				LastUpgradeCheck = 0820;
				ORGANIZATIONNAME = "Daniel Araújo Silva";
				TargetAttributes = {
					4CEBDE0F1E4B2269005E3ADC = {
						CreatedOnToolsVersion = 8.2.1;
						DevelopmentTeam = ZX8B9U4537;
						ProvisioningStyle = Automatic;
						SystemCapabilities = {
							com.apple.BackgroundModes = {
								enabled = 1;
							};
							com.apple.Push = {
								enabled = 1;
							};
						};
					};
				};
			};
			buildConfigurationList = 4CEBDE0B1E4B2269005E3ADC /* Build configuration list for PBXProject "Guia do Calouro" */;
			compatibilityVersion = "Xcode 3.2";
			developmentRegion = English;
			hasScannedForEncodings = 0;
			knownRegions = (
				en,
				Base,
			);
			mainGroup = 4CEBDE071E4B2269005E3ADC;
			productRefGroup = 4CEBDE111E4B226A005E3ADC /* Products */;
			projectDirPath = "";
			projectRoot = "";
			targets = (
				4CEBDE0F1E4B2269005E3ADC /* Guia do Calouro */,
			);
		};
/* End PBXProject section */

/* Begin PBXResourcesBuildPhase section */
		4CEBDE0E1E4B2269005E3ADC /* Resources */ = {
			isa = PBXResourcesBuildPhase;
			buildActionMask = 2147483647;
			files = (
				4C190DAE1E63BF360086066A /* GoogleService-Info.plist in Resources */,
				4CEBDE211E4B226A005E3ADC /* LaunchScreen.storyboard in Resources */,
				4CEBDE1E1E4B226A005E3ADC /* Assets.xcassets in Resources */,
				4CEBDE191E4B226A005E3ADC /* Main.storyboard in Resources */,
			);
			runOnlyForDeploymentPostprocessing = 0;
		};
/* End PBXResourcesBuildPhase section */

/* Begin PBXShellScriptBuildPhase section */
		036FE72F63FB77AD3387C03E /* [CP] Embed Pods Frameworks */ = {
			isa = PBXShellScriptBuildPhase;
			buildActionMask = 2147483647;
			files = (
			);
			inputPaths = (
			);
			name = "[CP] Embed Pods Frameworks";
			outputPaths = (
			);
			runOnlyForDeploymentPostprocessing = 0;
			shellPath = /bin/sh;
			shellScript = "\"${SRCROOT}/Pods/Target Support Files/Pods-Guia do Calouro/Pods-Guia do Calouro-frameworks.sh\"\n";
			showEnvVarsInLog = 0;
		};
		0C51B8B5B115BE210189A4B0 /* [CP] Check Pods Manifest.lock */ = {
			isa = PBXShellScriptBuildPhase;
			buildActionMask = 2147483647;
			files = (
			);
			inputPaths = (
			);
			name = "[CP] Check Pods Manifest.lock";
			outputPaths = (
			);
			runOnlyForDeploymentPostprocessing = 0;
			shellPath = /bin/sh;
			shellScript = "diff \"${PODS_ROOT}/../Podfile.lock\" \"${PODS_ROOT}/Manifest.lock\" > /dev/null\nif [ $? != 0 ] ; then\n    # print error to STDERR\n    echo \"error: The sandbox is not in sync with the Podfile.lock. Run 'pod install' or update your CocoaPods installation.\" >&2\n    exit 1\nfi\n";
			showEnvVarsInLog = 0;
		};
		2720CDA4E88AE07393C6E517 /* [CP] Copy Pods Resources */ = {
			isa = PBXShellScriptBuildPhase;
			buildActionMask = 2147483647;
			files = (
			);
			inputPaths = (
			);
			name = "[CP] Copy Pods Resources";
			outputPaths = (
			);
			runOnlyForDeploymentPostprocessing = 0;
			shellPath = /bin/sh;
			shellScript = "\"${SRCROOT}/Pods/Target Support Files/Pods-Guia do Calouro/Pods-Guia do Calouro-resources.sh\"\n";
			showEnvVarsInLog = 0;
		};
/* End PBXShellScriptBuildPhase section */

/* Begin PBXSourcesBuildPhase section */
		4CEBDE0C1E4B2269005E3ADC /* Sources */ = {
			isa = PBXSourcesBuildPhase;
			buildActionMask = 2147483647;
			files = (
				4C89A6741E4E3E3F0007D9B5 /* Building.swift in Sources */,
				4C7B797E1E50DB5A0027FD21 /* Transport.swift in Sources */,
				4C347F781E568E6300D4E3FC /* UsefulDetailViewController.swift in Sources */,
				4C7B798D1E50DF2D0027FD21 /* AboutsViewController.swift in Sources */,
				4C7B79871E50DE070027FD21 /* CTypsViewController.swift in Sources */,
				4C89A67E1E4E50CF0007D9B5 /* BuildingDetailViewController.swift in Sources */,
				4CAA7FDB1E4E955A00C259FC /* CalendarsViewController.swift in Sources */,
				4C89A6701E4D193A0007D9B5 /* LoadingViewController.swift in Sources */,
				4C20D1341E5D2132004EB158 /* ManagementDetailViewController.swift in Sources */,
				4CE38B891E61DFA3009C2ECE /* Place.swift in Sources */,
				4CEBDE161E4B226A005E3ADC /* HomeViewController.swift in Sources */,
				4CC4D6D81E60D8E500BD8C86 /* KCFloatingActionButtonDelegate.swift in Sources */,
				4CA9C6641E5BD3EA00B92742 /* CManagementsViewController.swift in Sources */,
				4C223BEA1E513D3F00374EF2 /* Useful.swift in Sources */,
				4C89A6721E4D19610007D9B5 /* UrlProvider.swift in Sources */,
				4CB5374E1E4B39B000E957B4 /* Connection.swift in Sources */,
				4C7F67011E5671F7007A2024 /* PUsefulViewController.swift in Sources */,
				4CAB67DF1E645BCD001E192C /* About.swift in Sources */,
				4C08A0A01E4B28150022A8B2 /* MenuViewController.swift in Sources */,
				4C7B79841E50DD670027FD21 /* FeedingViewController.swift in Sources */,
				4CA9C65A1E5B9E0600B92742 /* CType.swift in Sources */,
				4C89A6761E4E40EC0007D9B5 /* BuildingViewController.swift in Sources */,
				4CC4D6D61E60D8E500BD8C86 /* KCFABWindow.swift in Sources */,
				4CA9C6581E5B446500B92742 /* CalendarDetailViewController.swift in Sources */,
				4C7B79811E50DC670027FD21 /* UsefulViewController.swift in Sources */,
				4C64DF761E567556003952B0 /* Email.swift in Sources */,
				4C89A67B1E4E4B190007D9B5 /* BuildingCelula.swift in Sources */,
				4CA9C65C1E5BA89700B92742 /* TypsViewController.swift in Sources */,
				4CAA7FE01E4E99A600C259FC /* MonthCalendar.swift in Sources */,
				4C7B798A1E50DE870027FD21 /* ManagementsViewController.swift in Sources */,
				4C12C2401E4F667B00BAC0BD /* BenefitsCelula.swift in Sources */,
				4C7F66FF1E5670DA007A2024 /* Telephone.swift in Sources */,
				4C7B797C1E50DB4C0027FD21 /* TransportsViewController.swift in Sources */,
				4CA9C6601E5BCB4100B92742 /* TypsDetailViewController.swift in Sources */,
				4CC4D6D71E60D8E500BD8C86 /* KCFloatingActionButton.swift in Sources */,
				4CAA7FE21E4EA0D100C259FC /* MonthCalendarsViewController.swift in Sources */,
				4CC4D6DB1E60E92100BD8C86 /* BuildingMapsViewController.swift in Sources */,
				4C12C2421E4F668800BAC0BD /* Benefit.swift in Sources */,
				4C08A09F1E4B28150022A8B2 /* BaseViewController.swift in Sources */,
				4CA9C6661E5BD7BA00B92742 /* Management.swift in Sources */,
				4CE38B871E61DEE1009C2ECE /* Schedule.swift in Sources */,
				4CC85F101E51D8EC00DA0CF3 /* BenefitsDetailsViewController.swift in Sources */,
				4CA9C6621E5BD34000B92742 /* CManagement.swift in Sources */,
				4CEBDE141E4B226A005E3ADC /* AppDelegate.swift in Sources */,
				4C12C23D1E4F665200BAC0BD /* BenefitsViewController.swift in Sources */,
				4CEBDE1C1E4B226A005E3ADC /* Guia_do_Calouro.xcdatamodeld in Sources */,
				4CAA7FDD1E4E957400C259FC /* Calendar.swift in Sources */,
				4CC4D6D91E60D8E500BD8C86 /* KCFloatingActionButtonItem.swift in Sources */,
				4CE38B851E61D566009C2ECE /* Shift.swift in Sources */,
				4CA9C65E1E5BA93600B92742 /* Type.swift in Sources */,
				4CC4D6D41E60D8E500BD8C86 /* KCFABManager.swift in Sources */,
				4CC4D6D51E60D8E500BD8C86 /* KCFABViewController.swift in Sources */,
			);
			runOnlyForDeploymentPostprocessing = 0;
		};
/* End PBXSourcesBuildPhase section */

/* Begin PBXVariantGroup section */
		4CEBDE171E4B226A005E3ADC /* Main.storyboard */ = {
			isa = PBXVariantGroup;
			children = (
				4CEBDE181E4B226A005E3ADC /* Base */,
			);
			name = Main.storyboard;
			sourceTree = "<group>";
		};
		4CEBDE1F1E4B226A005E3ADC /* LaunchScreen.storyboard */ = {
			isa = PBXVariantGroup;
			children = (
				4CEBDE201E4B226A005E3ADC /* Base */,
			);
			name = LaunchScreen.storyboard;
			sourceTree = "<group>";
		};
/* End PBXVariantGroup section */

/* Begin XCBuildConfiguration section */
		4CEBDE231E4B226A005E3ADC /* Debug */ = {
			isa = XCBuildConfiguration;
			buildSettings = {
				ALWAYS_SEARCH_USER_PATHS = NO;
				CLANG_ANALYZER_NONNULL = YES;
				CLANG_CXX_LANGUAGE_STANDARD = "gnu++0x";
				CLANG_CXX_LIBRARY = "libc++";
				CLANG_ENABLE_MODULES = YES;
				CLANG_ENABLE_OBJC_ARC = YES;
				CLANG_WARN_BOOL_CONVERSION = YES;
				CLANG_WARN_CONSTANT_CONVERSION = YES;
				CLANG_WARN_DIRECT_OBJC_ISA_USAGE = YES_ERROR;
				CLANG_WARN_DOCUMENTATION_COMMENTS = YES;
				CLANG_WARN_EMPTY_BODY = YES;
				CLANG_WARN_ENUM_CONVERSION = YES;
				CLANG_WARN_INFINITE_RECURSION = YES;
				CLANG_WARN_INT_CONVERSION = YES;
				CLANG_WARN_OBJC_ROOT_CLASS = YES_ERROR;
				CLANG_WARN_SUSPICIOUS_MOVE = YES;
				CLANG_WARN_UNREACHABLE_CODE = YES;
				CLANG_WARN__DUPLICATE_METHOD_MATCH = YES;
				"CODE_SIGN_IDENTITY[sdk=iphoneos*]" = "iPhone Developer";
				COPY_PHASE_STRIP = NO;
				DEBUG_INFORMATION_FORMAT = dwarf;
				ENABLE_STRICT_OBJC_MSGSEND = YES;
				ENABLE_TESTABILITY = YES;
				GCC_C_LANGUAGE_STANDARD = gnu99;
				GCC_DYNAMIC_NO_PIC = NO;
				GCC_NO_COMMON_BLOCKS = YES;
				GCC_OPTIMIZATION_LEVEL = 0;
				GCC_PREPROCESSOR_DEFINITIONS = (
					"DEBUG=1",
					"$(inherited)",
				);
				GCC_WARN_64_TO_32_BIT_CONVERSION = YES;
				GCC_WARN_ABOUT_RETURN_TYPE = YES_ERROR;
				GCC_WARN_UNDECLARED_SELECTOR = YES;
				GCC_WARN_UNINITIALIZED_AUTOS = YES_AGGRESSIVE;
				GCC_WARN_UNUSED_FUNCTION = YES;
				GCC_WARN_UNUSED_VARIABLE = YES;
				IPHONEOS_DEPLOYMENT_TARGET = 10.2;
				MTL_ENABLE_DEBUG_INFO = YES;
				ONLY_ACTIVE_ARCH = YES;
				SDKROOT = iphoneos;
				SWIFT_ACTIVE_COMPILATION_CONDITIONS = DEBUG;
				SWIFT_OPTIMIZATION_LEVEL = "-Onone";
				TARGETED_DEVICE_FAMILY = "1,2";
			};
			name = Debug;
		};
		4CEBDE241E4B226A005E3ADC /* Release */ = {
			isa = XCBuildConfiguration;
			buildSettings = {
				ALWAYS_SEARCH_USER_PATHS = NO;
				CLANG_ANALYZER_NONNULL = YES;
				CLANG_CXX_LANGUAGE_STANDARD = "gnu++0x";
				CLANG_CXX_LIBRARY = "libc++";
				CLANG_ENABLE_MODULES = YES;
				CLANG_ENABLE_OBJC_ARC = YES;
				CLANG_WARN_BOOL_CONVERSION = YES;
				CLANG_WARN_CONSTANT_CONVERSION = YES;
				CLANG_WARN_DIRECT_OBJC_ISA_USAGE = YES_ERROR;
				CLANG_WARN_DOCUMENTATION_COMMENTS = YES;
				CLANG_WARN_EMPTY_BODY = YES;
				CLANG_WARN_ENUM_CONVERSION = YES;
				CLANG_WARN_INFINITE_RECURSION = YES;
				CLANG_WARN_INT_CONVERSION = YES;
				CLANG_WARN_OBJC_ROOT_CLASS = YES_ERROR;
				CLANG_WARN_SUSPICIOUS_MOVE = YES;
				CLANG_WARN_UNREACHABLE_CODE = YES;
				CLANG_WARN__DUPLICATE_METHOD_MATCH = YES;
				"CODE_SIGN_IDENTITY[sdk=iphoneos*]" = "iPhone Developer";
				COPY_PHASE_STRIP = NO;
				DEBUG_INFORMATION_FORMAT = "dwarf-with-dsym";
				ENABLE_NS_ASSERTIONS = NO;
				ENABLE_STRICT_OBJC_MSGSEND = YES;
				GCC_C_LANGUAGE_STANDARD = gnu99;
				GCC_NO_COMMON_BLOCKS = YES;
				GCC_WARN_64_TO_32_BIT_CONVERSION = YES;
				GCC_WARN_ABOUT_RETURN_TYPE = YES_ERROR;
				GCC_WARN_UNDECLARED_SELECTOR = YES;
				GCC_WARN_UNINITIALIZED_AUTOS = YES_AGGRESSIVE;
				GCC_WARN_UNUSED_FUNCTION = YES;
				GCC_WARN_UNUSED_VARIABLE = YES;
				IPHONEOS_DEPLOYMENT_TARGET = 10.2;
				MTL_ENABLE_DEBUG_INFO = NO;
				SDKROOT = iphoneos;
				SWIFT_OPTIMIZATION_LEVEL = "-Owholemodule";
				TARGETED_DEVICE_FAMILY = "1,2";
				VALIDATE_PRODUCT = YES;
			};
			name = Release;
		};
		4CEBDE261E4B226A005E3ADC /* Debug */ = {
			isa = XCBuildConfiguration;
			baseConfigurationReference = 084F314292C7D77FC2FEBCCC /* Pods-Guia do Calouro.debug.xcconfig */;
			buildSettings = {
				ASSETCATALOG_COMPILER_APPICON_NAME = AppIcon;
				CODE_SIGN_ENTITLEMENTS = "Guia do Calouro/Guia do Calouro.entitlements";
				DEVELOPMENT_TEAM = ZX8B9U4537;
				INFOPLIST_FILE = "Guia do Calouro/Info.plist";
				IPHONEOS_DEPLOYMENT_TARGET = 9.0;
				LD_RUNPATH_SEARCH_PATHS = "$(inherited) @executable_path/Frameworks";
				PRODUCT_BUNDLE_IDENTIFIER = "com.danielaraujos.guia-do-calouro";
				PRODUCT_NAME = "$(TARGET_NAME)";
				SWIFT_VERSION = 3.0;
			};
			name = Debug;
		};
		4CEBDE271E4B226A005E3ADC /* Release */ = {
			isa = XCBuildConfiguration;
			baseConfigurationReference = 12B936D2247FC6D15261B6D9 /* Pods-Guia do Calouro.release.xcconfig */;
			buildSettings = {
				ASSETCATALOG_COMPILER_APPICON_NAME = AppIcon;
				CODE_SIGN_ENTITLEMENTS = "Guia do Calouro/Guia do Calouro.entitlements";
				DEVELOPMENT_TEAM = ZX8B9U4537;
				INFOPLIST_FILE = "Guia do Calouro/Info.plist";
				IPHONEOS_DEPLOYMENT_TARGET = 9.0;
				LD_RUNPATH_SEARCH_PATHS = "$(inherited) @executable_path/Frameworks";
				PRODUCT_BUNDLE_IDENTIFIER = "com.danielaraujos.guia-do-calouro";
				PRODUCT_NAME = "$(TARGET_NAME)";
				SWIFT_VERSION = 3.0;
			};
			name = Release;
		};
/* End XCBuildConfiguration section */

/* Begin XCConfigurationList section */
		4CEBDE0B1E4B2269005E3ADC /* Build configuration list for PBXProject "Guia do Calouro" */ = {
			isa = XCConfigurationList;
			buildConfigurations = (
				4CEBDE231E4B226A005E3ADC /* Debug */,
				4CEBDE241E4B226A005E3ADC /* Release */,
			);
			defaultConfigurationIsVisible = 0;
			defaultConfigurationName = Release;
		};
		4CEBDE251E4B226A005E3ADC /* Build configuration list for PBXNativeTarget "Guia do Calouro" */ = {
			isa = XCConfigurationList;
			buildConfigurations = (
				4CEBDE261E4B226A005E3ADC /* Debug */,
				4CEBDE271E4B226A005E3ADC /* Release */,
			);
			defaultConfigurationIsVisible = 0;
			defaultConfigurationName = Release;
		};
/* End XCConfigurationList section */

/* Begin XCVersionGroup section */
		4CEBDE1A1E4B226A005E3ADC /* Guia_do_Calouro.xcdatamodeld */ = {
			isa = XCVersionGroup;
			children = (
				4CEBDE1B1E4B226A005E3ADC /* Guia_do_Calouro.xcdatamodel */,
			);
			currentVersion = 4CEBDE1B1E4B226A005E3ADC /* Guia_do_Calouro.xcdatamodel */;
			path = Guia_do_Calouro.xcdatamodeld;
			sourceTree = "<group>";
			versionGroupType = wrapper.xcdatamodel;
		};
/* End XCVersionGroup section */
	};
	rootObject = 4CEBDE081E4B2269005E3ADC /* Project object */;
}
